
Microsoft Visual Studio Solution File, Format Version 12.00
# Visual Studio Version 16
VisualStudioVersion = 16.0.32802.399
MinimumVisualStudioVersion = 10.0.40219.1
Project("{FAE04EC0-301F-11D3-BF4B-00C04F79EFBC}") = "DataSetDemo1", "DataSetDemo1\DataSetDemo1.csproj", "{A8114BA1-D4CE-4BED-B402-B1E538E3B60E}"
EndProject
Global
	GlobalSection(SolutionConfigurationPlatforms) = preSolution
		Debug|Any CPU = Debug|Any CPU
		Release|Any CPU = Release|Any CPU
	EndGlobalSection
	GlobalSection(ProjectConfigurationPlatforms) = postSolution
		{A8114BA1-D4CE-4BED-B402-B1E538E3B60E}.Debug|Any CPU.ActiveCfg = Debug|Any CPU
		{A8114BA1-D4CE-4BED-B402-B1E538E3B60E}.Debug|Any CPU.Build.0 = Debug|Any CPU
		{A8114BA1-D4CE-4BED-B402-B1E538E3B60E}.Release|Any CPU.ActiveCfg = Release|Any CPU
		{A8114BA1-D4CE-4BED-B402-B1E538E3B60E}.Release|Any CPU.Build.0 = Release|Any CPU
	EndGlobalSection
	GlobalSection(SolutionProperties) = preSolution
		HideSolutionNode = FALSE
	EndGlobalSection
	GlobalSection(ExtensibilityGlobals) = postSolution
		SolutionGuid = {280F8C90-24C3-48D2-865A-482C71F0C355}
	EndGlobalSection
EndGlobal
